
Microsoft Visual Studio Solution File, Format Version 12.00
# Visual Studio Version 17
VisualStudioVersion = 17.7.34221.43
MinimumVisualStudioVersion = 10.0.40219.1
Project("{9A19103F-16F7-4668-BE54-9A1E7A4F7556}") = "BodyBuilderApp", "BodyBuilderApp\BodyBuilderApp.csproj", "{8243A4F7-12BD-4918-A5CA-460AC9E9394D}"
EndProject
Project("{9A19103F-16F7-4668-BE54-9A1E7A4F7556}") = "BodyBuilder.Domain", "BodyBuilder.Domain\BodyBuilder.Domain.csproj", "{A300FE5A-582C-41C2-83EF-32C8038C3768}"
EndProject
Project("{9A19103F-16F7-4668-BE54-9A1E7A4F7556}") = "BodyBuilder.Infrastructure", "BodyBuilder.Infrastructure\BodyBuilder.Infrastructure.csproj", "{184C2CEC-DD34-4B84-8BE3-B129894DFE25}"
EndProject
Project("{9A19103F-16F7-4668-BE54-9A1E7A4F7556}") = "BodyBuilder.Application", "BodyBuilder.Application\BodyBuilder.Application.csproj", "{ECE774C0-F8D6-4E64-951E-F6AEDC0C73D4}"
EndProject
Project("{E53339B2-1760-4266-BCC7-CA923CBCF16C}") = "docker-compose", "docker-compose.dcproj", "{0E209D94-4110-4736-ABAE-84EB7F73A178}"
EndProject
Global
	GlobalSection(SolutionConfigurationPlatforms) = preSolution
		Debug|Any CPU = Debug|Any CPU
		Release|Any CPU = Release|Any CPU
	EndGlobalSection
	GlobalSection(ProjectConfigurationPlatforms) = postSolution
		{8243A4F7-12BD-4918-A5CA-460AC9E9394D}.Debug|Any CPU.ActiveCfg = Debug|Any CPU
		{8243A4F7-12BD-4918-A5CA-460AC9E9394D}.Debug|Any CPU.Build.0 = Debug|Any CPU
		{8243A4F7-12BD-4918-A5CA-460AC9E9394D}.Release|Any CPU.ActiveCfg = Release|Any CPU
		{8243A4F7-12BD-4918-A5CA-460AC9E9394D}.Release|Any CPU.Build.0 = Release|Any CPU
		{A300FE5A-582C-41C2-83EF-32C8038C3768}.Debug|Any CPU.ActiveCfg = Debug|Any CPU
		{A300FE5A-582C-41C2-83EF-32C8038C3768}.Debug|Any CPU.Build.0 = Debug|Any CPU
		{A300FE5A-582C-41C2-83EF-32C8038C3768}.Release|Any CPU.ActiveCfg = Release|Any CPU
		{A300FE5A-582C-41C2-83EF-32C8038C3768}.Release|Any CPU.Build.0 = Release|Any CPU
		{184C2CEC-DD34-4B84-8BE3-B129894DFE25}.Debug|Any CPU.ActiveCfg = Debug|Any CPU
		{184C2CEC-DD34-4B84-8BE3-B129894DFE25}.Debug|Any CPU.Build.0 = Debug|Any CPU
		{184C2CEC-DD34-4B84-8BE3-B129894DFE25}.Release|Any CPU.ActiveCfg = Release|Any CPU
		{184C2CEC-DD34-4B84-8BE3-B129894DFE25}.Release|Any CPU.Build.0 = Release|Any CPU
		{ECE774C0-F8D6-4E64-951E-F6AEDC0C73D4}.Debug|Any CPU.ActiveCfg = Debug|Any CPU
		{ECE774C0-F8D6-4E64-951E-F6AEDC0C73D4}.Debug|Any CPU.Build.0 = Debug|Any CPU
		{ECE774C0-F8D6-4E64-951E-F6AEDC0C73D4}.Release|Any CPU.ActiveCfg = Release|Any CPU
		{ECE774C0-F8D6-4E64-951E-F6AEDC0C73D4}.Release|Any CPU.Build.0 = Release|Any CPU
		{0E209D94-4110-4736-ABAE-84EB7F73A178}.Debug|Any CPU.ActiveCfg = Debug|Any CPU
		{0E209D94-4110-4736-ABAE-84EB7F73A178}.Debug|Any CPU.Build.0 = Debug|Any CPU
		{0E209D94-4110-4736-ABAE-84EB7F73A178}.Release|Any CPU.ActiveCfg = Release|Any CPU
		{0E209D94-4110-4736-ABAE-84EB7F73A178}.Release|Any CPU.Build.0 = Release|Any CPU
	EndGlobalSection
	GlobalSection(SolutionProperties) = preSolution
		HideSolutionNode = FALSE
	EndGlobalSection
	GlobalSection(ExtensibilityGlobals) = postSolution
		SolutionGuid = {8E6018A2-DBF6-4108-BA85-A2E5C3DAE296}
	EndGlobalSection
EndGlobal
